
Microsoft Visual Studio Solution File, Format Version 12.00
# Visual Studio Version 17
VisualStudioVersion = 17.1.32104.313
MinimumVisualStudioVersion = 10.0.40219.1
Project("{9A19103F-16F7-4668-BE54-9A1E7A4F7556}") = "WebApp", "src\WebApp\WebApp.csproj", "{B9ECECF4-28BD-4993-BF55-5C63C48BEB6D}"
EndProject
Global
	GlobalSection(SolutionConfigurationPlatforms) = preSolution
		Debug|Any CPU = Debug|Any CPU
		Release|Any CPU = Release|Any CPU
	EndGlobalSection
	GlobalSection(ProjectConfigurationPlatforms) = postSolution
		{B9ECECF4-28BD-4993-BF55-5C63C48BEB6D}.Debug|Any CPU.ActiveCfg = Debug|Any CPU
		{B9ECECF4-28BD-4993-BF55-5C63C48BEB6D}.Debug|Any CPU.Build.0 = Debug|Any CPU
		{B9ECECF4-28BD-4993-BF55-5C63C48BEB6D}.Release|Any CPU.ActiveCfg = Release|Any CPU
		{B9ECECF4-28BD-4993-BF55-5C63C48BEB6D}.Release|Any CPU.Build.0 = Release|Any CPU
	EndGlobalSection
	GlobalSection(SolutionProperties) = preSolution
		HideSolutionNode = FALSE
	EndGlobalSection
	GlobalSection(ExtensibilityGlobals) = postSolution
		SolutionGuid = {53DEDE9E-0F85-4E5D-9B47-9064E0062D48}
	EndGlobalSection
EndGlobal
